{
  "name": "express-oracledb-sample",
  "version": "1.0.0",
  "lockfileVersion": 1,
  "requires": true,
  "dependencies": {
    "@types/node": {
      "version": "11.13.7",
      "resolved": "https://registry.npmjs.org/@types/node/-/node-11.13.7.tgz",
      "integrity": "sha512-suFHr6hcA9mp8vFrZTgrmqW2ZU3mbWsryQtQlY/QvwTISCw7nw/j+bCQPPohqmskhmqa5wLNuMHTTsc+xf1MQg=="
    },
    "@types/oracledb": {
      "version": "1.11.34",
      "resolved": "https://registry.npmjs.org/@types/oracledb/-/oracledb-1.11.34.tgz",
      "integrity": "sha512-7cgZaKEfYcPPTScxxCoYoLxmmhM/PBobGBfxE3RGzRJl8YKhkyGKyExFu8fTOpF2cPgdfh83NGKBVX7prWzb+Q==",
      "requires": {
        "@types/node": "*"
      }
    },
    "oracledb": {
      "version": "3.1.2",
      "resolved": "https://registry.npmjs.org/oracledb/-/oracledb-3.1.2.tgz",
      "integrity": "sha512-DOBKpUlfvGAX6bcpuPGtPVVfOOUqFue8eLjbnnmkDyBTU+YuH+gXHRy4ftlFzkHBXYkrSGenFJrXy8dDfEVXCg=="
    }
  }
}
